
Microsoft Visual Studio Solution File, Format Version 12.00
# Visual Studio Version 17
VisualStudioVersion = 17.2.32616.157
MinimumVisualStudioVersion = 10.0.40219.1
Project("{FAE04EC0-301F-11D3-BF4B-00C04F79EFBC}") = "WebMvC", "WebMvC\WebMvC.csproj", "{63E2B197-C7B1-4B4A-BF1A-2DF34735385B}"
EndProject
Project("{FAE04EC0-301F-11D3-BF4B-00C04F79EFBC}") = "Database", "Database\Database.csproj", "{24F02F5A-E81C-41AD-9BE8-D4A3F00E30A2}"
EndProject
Project("{FAE04EC0-301F-11D3-BF4B-00C04F79EFBC}") = "Business", "Business\Business.csproj", "{3755AE1E-4EF8-43CC-A869-C90DA56485C7}"
EndProject
Global
	GlobalSection(SolutionConfigurationPlatforms) = preSolution
		Debug|Any CPU = Debug|Any CPU
		Release|Any CPU = Release|Any CPU
	EndGlobalSection
	GlobalSection(ProjectConfigurationPlatforms) = postSolution
		{63E2B197-C7B1-4B4A-BF1A-2DF34735385B}.Debug|Any CPU.ActiveCfg = Debug|Any CPU
		{63E2B197-C7B1-4B4A-BF1A-2DF34735385B}.Debug|Any CPU.Build.0 = Debug|Any CPU
		{63E2B197-C7B1-4B4A-BF1A-2DF34735385B}.Release|Any CPU.ActiveCfg = Release|Any CPU
		{63E2B197-C7B1-4B4A-BF1A-2DF34735385B}.Release|Any CPU.Build.0 = Release|Any CPU
		{24F02F5A-E81C-41AD-9BE8-D4A3F00E30A2}.Debug|Any CPU.ActiveCfg = Debug|Any CPU
		{24F02F5A-E81C-41AD-9BE8-D4A3F00E30A2}.Debug|Any CPU.Build.0 = Debug|Any CPU
		{24F02F5A-E81C-41AD-9BE8-D4A3F00E30A2}.Release|Any CPU.ActiveCfg = Release|Any CPU
		{24F02F5A-E81C-41AD-9BE8-D4A3F00E30A2}.Release|Any CPU.Build.0 = Release|Any CPU
		{3755AE1E-4EF8-43CC-A869-C90DA56485C7}.Debug|Any CPU.ActiveCfg = Debug|Any CPU
		{3755AE1E-4EF8-43CC-A869-C90DA56485C7}.Debug|Any CPU.Build.0 = Debug|Any CPU
		{3755AE1E-4EF8-43CC-A869-C90DA56485C7}.Release|Any CPU.ActiveCfg = Release|Any CPU
		{3755AE1E-4EF8-43CC-A869-C90DA56485C7}.Release|Any CPU.Build.0 = Release|Any CPU
	EndGlobalSection
	GlobalSection(SolutionProperties) = preSolution
		HideSolutionNode = FALSE
	EndGlobalSection
	GlobalSection(ExtensibilityGlobals) = postSolution
		SolutionGuid = {8C06DA5B-0A4E-4767-AAD3-4509DC03FBA9}
	EndGlobalSection
EndGlobal
